
Microsoft Visual Studio Solution File, Format Version 12.00
# Visual Studio Version 17
VisualStudioVersion = 17.0.31903.59
MinimumVisualStudioVersion = 10.0.40219.1
Project("{FAE04EC0-301F-11D3-BF4B-00C04F79EFBC}") = "start-project", "start-project\start-project.csproj", "{0E47CFEC-3126-4583-AF18-EA096458CEDA}"
EndProject
Global
	GlobalSection(SolutionConfigurationPlatforms) = preSolution
		Debug|Any CPU = Debug|Any CPU
		Release|Any CPU = Release|Any CPU
	EndGlobalSection
	GlobalSection(SolutionProperties) = preSolution
		HideSolutionNode = FALSE
	EndGlobalSection
	GlobalSection(ProjectConfigurationPlatforms) = postSolution
		{0E47CFEC-3126-4583-AF18-EA096458CEDA}.Debug|Any CPU.ActiveCfg = Debug|Any CPU
		{0E47CFEC-3126-4583-AF18-EA096458CEDA}.Debug|Any CPU.Build.0 = Debug|Any CPU
		{0E47CFEC-3126-4583-AF18-EA096458CEDA}.Release|Any CPU.ActiveCfg = Release|Any CPU
		{0E47CFEC-3126-4583-AF18-EA096458CEDA}.Release|Any CPU.Build.0 = Release|Any CPU
	EndGlobalSection
EndGlobal
